
Microsoft Visual Studio Solution File, Format Version 12.00
# Visual Studio Version 17
VisualStudioVersion = 17.5.33516.290
MinimumVisualStudioVersion = 10.0.40219.1
Project("{FAE04EC0-301F-11D3-BF4B-00C04F79EFBC}") = "CalculadoraDavid", "CalculadoraDavid.csproj", "{E4BCAC77-E511-4734-97A7-AD3E34D7DA0D}"
EndProject
Global
	GlobalSection(SolutionConfigurationPlatforms) = preSolution
		Debug|Any CPU = Debug|Any CPU
		Release|Any CPU = Release|Any CPU
	EndGlobalSection
	GlobalSection(ProjectConfigurationPlatforms) = postSolution
		{E4BCAC77-E511-4734-97A7-AD3E34D7DA0D}.Debug|Any CPU.ActiveCfg = Debug|Any CPU
		{E4BCAC77-E511-4734-97A7-AD3E34D7DA0D}.Debug|Any CPU.Build.0 = Debug|Any CPU
		{E4BCAC77-E511-4734-97A7-AD3E34D7DA0D}.Release|Any CPU.ActiveCfg = Release|Any CPU
		{E4BCAC77-E511-4734-97A7-AD3E34D7DA0D}.Release|Any CPU.Build.0 = Release|Any CPU
	EndGlobalSection
	GlobalSection(SolutionProperties) = preSolution
		HideSolutionNode = FALSE
	EndGlobalSection
	GlobalSection(ExtensibilityGlobals) = postSolution
		SolutionGuid = {77F2F05B-E00C-4431-957F-FFBF76816D7F}
	EndGlobalSection
EndGlobal
